// !$*UTF8*$!
{
	archiveVersion = 1;
	classes = {
	};
	objectVersion = 55;
	objects = {

/* Begin PBXBuildFile section */
		D3A356382993AD9F0050A31D /* AppDelegate.swift in Sources */ = {isa = PBXBuildFile; fileRef = D3A356372993AD9F0050A31D /* AppDelegate.swift */; };
		D3A3563A2993AD9F0050A31D /* SceneDelegate.swift in Sources */ = {isa = PBXBuildFile; fileRef = D3A356392993AD9F0050A31D /* SceneDelegate.swift */; };
		D3A3563C2993AD9F0050A31D /* NewsListViewController.swift in Sources */ = {isa = PBXBuildFile; fileRef = D3A3563B2993AD9F0050A31D /* NewsListViewController.swift */; };
		D3A356412993ADA70050A31D /* Assets.xcassets in Resources */ = {isa = PBXBuildFile; fileRef = D3A356402993ADA70050A31D /* Assets.xcassets */; };
		D3A356442993ADA70050A31D /* LaunchScreen.storyboard in Resources */ = {isa = PBXBuildFile; fileRef = D3A356422993ADA70050A31D /* LaunchScreen.storyboard */; };
		D3A3564C2993B4600050A31D /* Article.swift in Sources */ = {isa = PBXBuildFile; fileRef = D3A3564B2993B4600050A31D /* Article.swift */; };
		D3A3564E2993B4E40050A31D /* NewsEndpoint.swift in Sources */ = {isa = PBXBuildFile; fileRef = D3A3564D2993B4E40050A31D /* NewsEndpoint.swift */; };
		D3A356502993B5630050A31D /* EndpointProtocol.swift in Sources */ = {isa = PBXBuildFile; fileRef = D3A3564F2993B5630050A31D /* EndpointProtocol.swift */; };
		D3A356532993B70E0050A31D /* ApiError.swift in Sources */ = {isa = PBXBuildFile; fileRef = D3A356522993B70E0050A31D /* ApiError.swift */; };
		D3A356552993B72E0050A31D /* MyError.swift in Sources */ = {isa = PBXBuildFile; fileRef = D3A356542993B72E0050A31D /* MyError.swift */; };
		D3A356572994D4FD0050A31D /* NewsListView.swift in Sources */ = {isa = PBXBuildFile; fileRef = D3A356562994D4FD0050A31D /* NewsListView.swift */; };
		D3A356592994DB540050A31D /* NewsCell.swift in Sources */ = {isa = PBXBuildFile; fileRef = D3A356582994DB530050A31D /* NewsCell.swift */; };
		D3A3565B2994E83F0050A31D /* NewsCellModel.swift in Sources */ = {isa = PBXBuildFile; fileRef = D3A3565A2994E83F0050A31D /* NewsCellModel.swift */; };
		D3A3565D2994E9480050A31D /* TableCellModelProtocol.swift in Sources */ = {isa = PBXBuildFile; fileRef = D3A3565C2994E9480050A31D /* TableCellModelProtocol.swift */; };
		D3A35660299518510050A31D /* ApiService.swift in Sources */ = {isa = PBXBuildFile; fileRef = D3A3565F299518510050A31D /* ApiService.swift */; };
		D3A356622995190F0050A31D /* NewsService.swift in Sources */ = {isa = PBXBuildFile; fileRef = D3A356612995190F0050A31D /* NewsService.swift */; };
		D3B4D272299E536F00C6186E /* RxDataSourceProtocol.swift in Sources */ = {isa = PBXBuildFile; fileRef = D3B4D271299E536E00C6186E /* RxDataSourceProtocol.swift */; };
		D3B4D27429A4CE9700C6186E /* WebImageView.swift in Sources */ = {isa = PBXBuildFile; fileRef = D3B4D27329A4CE9700C6186E /* WebImageView.swift */; };
		D3B4D27629A5F9AB00C6186E /* NewsWebViewController.swift in Sources */ = {isa = PBXBuildFile; fileRef = D3B4D27529A5F9AB00C6186E /* NewsWebViewController.swift */; };
		D3B4D27929A5FA2600C6186E /* NewsWebView.swift in Sources */ = {isa = PBXBuildFile; fileRef = D3B4D27829A5FA2600C6186E /* NewsWebView.swift */; };
		EDE9E0065EAFC5BCAAE32769 /* Pods_RxNewsApp.framework in Frameworks */ = {isa = PBXBuildFile; fileRef = 5F260A9F02D85CEFE0265D2B /* Pods_RxNewsApp.framework */; };
/* End PBXBuildFile section */

/* Begin PBXFileReference section */
		5F260A9F02D85CEFE0265D2B /* Pods_RxNewsApp.framework */ = {isa = PBXFileReference; explicitFileType = wrapper.framework; includeInIndex = 0; path = Pods_RxNewsApp.framework; sourceTree = BUILT_PRODUCTS_DIR; };
		8E14D8940E4EDD10404192B8 /* Pods-RxNewsApp.release.xcconfig */ = {isa = PBXFileReference; includeInIndex = 1; lastKnownFileType = text.xcconfig; name = "Pods-RxNewsApp.release.xcconfig"; path = "Target Support Files/Pods-RxNewsApp/Pods-RxNewsApp.release.xcconfig"; sourceTree = "<group>"; };
		D3A356342993AD9F0050A31D /* RxNewsApp.app */ = {isa = PBXFileReference; explicitFileType = wrapper.application; includeInIndex = 0; path = RxNewsApp.app; sourceTree = BUILT_PRODUCTS_DIR; };
		D3A356372993AD9F0050A31D /* AppDelegate.swift */ = {isa = PBXFileReference; lastKnownFileType = sourcecode.swift; path = AppDelegate.swift; sourceTree = "<group>"; };
		D3A356392993AD9F0050A31D /* SceneDelegate.swift */ = {isa = PBXFileReference; lastKnownFileType = sourcecode.swift; path = SceneDelegate.swift; sourceTree = "<group>"; };
		D3A3563B2993AD9F0050A31D /* NewsListViewController.swift */ = {isa = PBXFileReference; lastKnownFileType = sourcecode.swift; path = NewsListViewController.swift; sourceTree = "<group>"; };
		D3A356402993ADA70050A31D /* Assets.xcassets */ = {isa = PBXFileReference; lastKnownFileType = folder.assetcatalog; path = Assets.xcassets; sourceTree = "<group>"; };
		D3A356432993ADA70050A31D /* Base */ = {isa = PBXFileReference; lastKnownFileType = file.storyboard; name = Base; path = Base.lproj/LaunchScreen.storyboard; sourceTree = "<group>"; };
		D3A356452993ADA70050A31D /* Info.plist */ = {isa = PBXFileReference; lastKnownFileType = text.plist.xml; path = Info.plist; sourceTree = "<group>"; };
		D3A3564B2993B4600050A31D /* Article.swift */ = {isa = PBXFileReference; lastKnownFileType = sourcecode.swift; path = Article.swift; sourceTree = "<group>"; };
		D3A3564D2993B4E40050A31D /* NewsEndpoint.swift */ = {isa = PBXFileReference; lastKnownFileType = sourcecode.swift; path = NewsEndpoint.swift; sourceTree = "<group>"; };
		D3A3564F2993B5630050A31D /* EndpointProtocol.swift */ = {isa = PBXFileReference; lastKnownFileType = sourcecode.swift; path = EndpointProtocol.swift; sourceTree = "<group>"; };
		D3A356522993B70E0050A31D /* ApiError.swift */ = {isa = PBXFileReference; lastKnownFileType = sourcecode.swift; path = ApiError.swift; sourceTree = "<group>"; };
		D3A356542993B72E0050A31D /* MyError.swift */ = {isa = PBXFileReference; lastKnownFileType = sourcecode.swift; path = MyError.swift; sourceTree = "<group>"; };
		D3A356562994D4FD0050A31D /* NewsListView.swift */ = {isa = PBXFileReference; lastKnownFileType = sourcecode.swift; path = NewsListView.swift; sourceTree = "<group>"; };
		D3A356582994DB530050A31D /* NewsCell.swift */ = {isa = PBXFileReference; lastKnownFileType = sourcecode.swift; path = NewsCell.swift; sourceTree = "<group>"; };
		D3A3565A2994E83F0050A31D /* NewsCellModel.swift */ = {isa = PBXFileReference; lastKnownFileType = sourcecode.swift; path = NewsCellModel.swift; sourceTree = "<group>"; };
		D3A3565C2994E9480050A31D /* TableCellModelProtocol.swift */ = {isa = PBXFileReference; lastKnownFileType = sourcecode.swift; path = TableCellModelProtocol.swift; sourceTree = "<group>"; };
		D3A3565F299518510050A31D /* ApiService.swift */ = {isa = PBXFileReference; lastKnownFileType = sourcecode.swift; path = ApiService.swift; sourceTree = "<group>"; };
		D3A356612995190F0050A31D /* NewsService.swift */ = {isa = PBXFileReference; lastKnownFileType = sourcecode.swift; path = NewsService.swift; sourceTree = "<group>"; };
		D3B4D271299E536E00C6186E /* RxDataSourceProtocol.swift */ = {isa = PBXFileReference; lastKnownFileType = sourcecode.swift; path = RxDataSourceProtocol.swift; sourceTree = "<group>"; };
		D3B4D27329A4CE9700C6186E /* WebImageView.swift */ = {isa = PBXFileReference; lastKnownFileType = sourcecode.swift; path = WebImageView.swift; sourceTree = "<group>"; };
		D3B4D27529A5F9AB00C6186E /* NewsWebViewController.swift */ = {isa = PBXFileReference; lastKnownFileType = sourcecode.swift; path = NewsWebViewController.swift; sourceTree = "<group>"; };
		D3B4D27829A5FA2600C6186E /* NewsWebView.swift */ = {isa = PBXFileReference; lastKnownFileType = sourcecode.swift; path = NewsWebView.swift; sourceTree = "<group>"; };
		D83C1AF4A8266E45F1177D30 /* Pods-RxNewsApp.debug.xcconfig */ = {isa = PBXFileReference; includeInIndex = 1; lastKnownFileType = text.xcconfig; name = "Pods-RxNewsApp.debug.xcconfig"; path = "Target Support Files/Pods-RxNewsApp/Pods-RxNewsApp.debug.xcconfig"; sourceTree = "<group>"; };
/* End PBXFileReference section */

/* Begin PBXFrameworksBuildPhase section */
		D3A356312993AD9F0050A31D /* Frameworks */ = {
			isa = PBXFrameworksBuildPhase;
			buildActionMask = 2147483647;
			files = (
				EDE9E0065EAFC5BCAAE32769 /* Pods_RxNewsApp.framework in Frameworks */,
			);
			runOnlyForDeploymentPostprocessing = 0;
		};
/* End PBXFrameworksBuildPhase section */

/* Begin PBXGroup section */
		06839190A802EA6E978D3B1C /* Frameworks */ = {
			isa = PBXGroup;
			children = (
				5F260A9F02D85CEFE0265D2B /* Pods_RxNewsApp.framework */,
			);
			name = Frameworks;
			sourceTree = "<group>";
		};
		84E1EA09CC10D569DEA46C95 /* Pods */ = {
			isa = PBXGroup;
			children = (
				D83C1AF4A8266E45F1177D30 /* Pods-RxNewsApp.debug.xcconfig */,
				8E14D8940E4EDD10404192B8 /* Pods-RxNewsApp.release.xcconfig */,
			);
			path = Pods;
			sourceTree = "<group>";
		};
		D3A3562B2993AD9E0050A31D = {
			isa = PBXGroup;
			children = (
				D3A356362993AD9F0050A31D /* RxNewsApp */,
				D3A356352993AD9F0050A31D /* Products */,
				84E1EA09CC10D569DEA46C95 /* Pods */,
				06839190A802EA6E978D3B1C /* Frameworks */,
			);
			sourceTree = "<group>";
		};
		D3A356352993AD9F0050A31D /* Products */ = {
			isa = PBXGroup;
			children = (
				D3A356342993AD9F0050A31D /* RxNewsApp.app */,
			);
			name = Products;
			sourceTree = "<group>";
		};
		D3A356362993AD9F0050A31D /* RxNewsApp */ = {
			isa = PBXGroup;
			children = (
				D3B4D27D29A6372A00C6186E /* Service */,
				D3A356512993B6F50050A31D /* Models */,
				D3A356372993AD9F0050A31D /* AppDelegate.swift */,
				D3A356392993AD9F0050A31D /* SceneDelegate.swift */,
				D3B4D27C29A6348D00C6186E /* Protocols */,
				D3B4D27B29A6345D00C6186E /* NewsCell */,
				D3B4D27A29A5FA3400C6186E /* NewsList */,
				D3B4D27729A5FA0D00C6186E /* WebView */,
				D3A356402993ADA70050A31D /* Assets.xcassets */,
				D3A356422993ADA70050A31D /* LaunchScreen.storyboard */,
				D3A356452993ADA70050A31D /* Info.plist */,
			);
			path = RxNewsApp;
			sourceTree = "<group>";
		};
		D3A356512993B6F50050A31D /* Models */ = {
			isa = PBXGroup;
			children = (
				D3A3564B2993B4600050A31D /* Article.swift */,
				D3A3564D2993B4E40050A31D /* NewsEndpoint.swift */,
				D3A3564F2993B5630050A31D /* EndpointProtocol.swift */,
				D3A356522993B70E0050A31D /* ApiError.swift */,
				D3A356542993B72E0050A31D /* MyError.swift */,
			);
			path = Models;
			sourceTree = "<group>";
		};
		D3B4D27729A5FA0D00C6186E /* WebView */ = {
			isa = PBXGroup;
			children = (
				D3B4D27529A5F9AB00C6186E /* NewsWebViewController.swift */,
				D3B4D27829A5FA2600C6186E /* NewsWebView.swift */,
			);
			path = WebView;
			sourceTree = "<group>";
		};
		D3B4D27A29A5FA3400C6186E /* NewsList */ = {
			isa = PBXGroup;
			children = (
				D3A3563B2993AD9F0050A31D /* NewsListViewController.swift */,
				D3A356562994D4FD0050A31D /* NewsListView.swift */,
			);
			path = NewsList;
			sourceTree = "<group>";
		};
		D3B4D27B29A6345D00C6186E /* NewsCell */ = {
			isa = PBXGroup;
			children = (
				D3A356582994DB530050A31D /* NewsCell.swift */,
				D3A3565A2994E83F0050A31D /* NewsCellModel.swift */,
				D3B4D27329A4CE9700C6186E /* WebImageView.swift */,
			);
			path = NewsCell;
			sourceTree = "<group>";
		};
		D3B4D27C29A6348D00C6186E /* Protocols */ = {
			isa = PBXGroup;
			children = (
				D3A3565C2994E9480050A31D /* TableCellModelProtocol.swift */,
				D3B4D271299E536E00C6186E /* RxDataSourceProtocol.swift */,
			);
			path = Protocols;
			sourceTree = "<group>";
		};
		D3B4D27D29A6372A00C6186E /* Service */ = {
			isa = PBXGroup;
			children = (
				D3A3565F299518510050A31D /* ApiService.swift */,
				D3A356612995190F0050A31D /* NewsService.swift */,
			);
			path = Service;
			sourceTree = "<group>";
		};
/* End PBXGroup section */

/* Begin PBXNativeTarget section */
		D3A356332993AD9F0050A31D /* RxNewsApp */ = {
			isa = PBXNativeTarget;
			buildConfigurationList = D3A356482993ADA70050A31D /* Build configuration list for PBXNativeTarget "RxNewsApp" */;
			buildPhases = (
				031AF3F265AE0E415E75A080 /* [CP] Check Pods Manifest.lock */,
				D3A356302993AD9F0050A31D /* Sources */,
				D3A356312993AD9F0050A31D /* Frameworks */,
				D3A356322993AD9F0050A31D /* Resources */,
				323B5C389F38C67D9A87D619 /* [CP] Embed Pods Frameworks */,
			);
			buildRules = (
			);
			dependencies = (
			);
			name = RxNewsApp;
			productName = RxNewsApp;
			productReference = D3A356342993AD9F0050A31D /* RxNewsApp.app */;
			productType = "com.apple.product-type.application";
		};
/* End PBXNativeTarget section */

/* Begin PBXProject section */
		D3A3562C2993AD9E0050A31D /* Project object */ = {
			isa = PBXProject;
			attributes = {
				BuildIndependentTargetsInParallel = 1;
				LastSwiftUpdateCheck = 1330;
				LastUpgradeCheck = 1330;
				TargetAttributes = {
					D3A356332993AD9F0050A31D = {
						CreatedOnToolsVersion = 13.3;
					};
				};
			};
			buildConfigurationList = D3A3562F2993AD9E0050A31D /* Build configuration list for PBXProject "RxNewsApp" */;
			compatibilityVersion = "Xcode 13.0";
			developmentRegion = en;
			hasScannedForEncodings = 0;
			knownRegions = (
				en,
				Base,
			);
			mainGroup = D3A3562B2993AD9E0050A31D;
			productRefGroup = D3A356352993AD9F0050A31D /* Products */;
			projectDirPath = "";
			projectRoot = "";
			targets = (
				D3A356332993AD9F0050A31D /* RxNewsApp */,
			);
		};
/* End PBXProject section */

/* Begin PBXResourcesBuildPhase section */
		D3A356322993AD9F0050A31D /* Resources */ = {
			isa = PBXResourcesBuildPhase;
			buildActionMask = 2147483647;
			files = (
				D3A356442993ADA70050A31D /* LaunchScreen.storyboard in Resources */,
				D3A356412993ADA70050A31D /* Assets.xcassets in Resources */,
			);
			runOnlyForDeploymentPostprocessing = 0;
		};
/* End PBXResourcesBuildPhase section */

/* Begin PBXShellScriptBuildPhase section */
		031AF3F265AE0E415E75A080 /* [CP] Check Pods Manifest.lock */ = {
			isa = PBXShellScriptBuildPhase;
			buildActionMask = 2147483647;
			files = (
			);
			inputFileListPaths = (
			);
			inputPaths = (
				"${PODS_PODFILE_DIR_PATH}/Podfile.lock",
				"${PODS_ROOT}/Manifest.lock",
			);
			name = "[CP] Check Pods Manifest.lock";
			outputFileListPaths = (
			);
			outputPaths = (
				"$(DERIVED_FILE_DIR)/Pods-RxNewsApp-checkManifestLockResult.txt",
			);
			runOnlyForDeploymentPostprocessing = 0;
			shellPath = /bin/sh;
			shellScript = "diff \"${PODS_PODFILE_DIR_PATH}/Podfile.lock\" \"${PODS_ROOT}/Manifest.lock\" > /dev/null\nif [ $? != 0 ] ; then\n    # print error to STDERR\n    echo \"error: The sandbox is not in sync with the Podfile.lock. Run 'pod install' or update your CocoaPods installation.\" >&2\n    exit 1\nfi\n# This output is used by Xcode 'outputs' to avoid re-running this script phase.\necho \"SUCCESS\" > \"${SCRIPT_OUTPUT_FILE_0}\"\n";
			showEnvVarsInLog = 0;
		};
		323B5C389F38C67D9A87D619 /* [CP] Embed Pods Frameworks */ = {
			isa = PBXShellScriptBuildPhase;
			buildActionMask = 2147483647;
			files = (
			);
			inputFileListPaths = (
				"${PODS_ROOT}/Target Support Files/Pods-RxNewsApp/Pods-RxNewsApp-frameworks-${CONFIGURATION}-input-files.xcfilelist",
			);
			name = "[CP] Embed Pods Frameworks";
			outputFileListPaths = (
				"${PODS_ROOT}/Target Support Files/Pods-RxNewsApp/Pods-RxNewsApp-frameworks-${CONFIGURATION}-output-files.xcfilelist",
			);
			runOnlyForDeploymentPostprocessing = 0;
			shellPath = /bin/sh;
			shellScript = "\"${PODS_ROOT}/Target Support Files/Pods-RxNewsApp/Pods-RxNewsApp-frameworks.sh\"\n";
			showEnvVarsInLog = 0;
		};
/* End PBXShellScriptBuildPhase section */

/* Begin PBXSourcesBuildPhase section */
		D3A356302993AD9F0050A31D /* Sources */ = {
			isa = PBXSourcesBuildPhase;
			buildActionMask = 2147483647;
			files = (
				D3A356552993B72E0050A31D /* MyError.swift in Sources */,
				D3A356532993B70E0050A31D /* ApiError.swift in Sources */,
				D3B4D272299E536F00C6186E /* RxDataSourceProtocol.swift in Sources */,
				D3A356502993B5630050A31D /* EndpointProtocol.swift in Sources */,
				D3A3564C2993B4600050A31D /* Article.swift in Sources */,
				D3A356592994DB540050A31D /* NewsCell.swift in Sources */,
				D3A3564E2993B4E40050A31D /* NewsEndpoint.swift in Sources */,
				D3A3563C2993AD9F0050A31D /* NewsListViewController.swift in Sources */,
				D3B4D27929A5FA2600C6186E /* NewsWebView.swift in Sources */,
				D3B4D27629A5F9AB00C6186E /* NewsWebViewController.swift in Sources */,
				D3A35660299518510050A31D /* ApiService.swift in Sources */,
				D3B4D27429A4CE9700C6186E /* WebImageView.swift in Sources */,
				D3A356382993AD9F0050A31D /* AppDelegate.swift in Sources */,
				D3A3565B2994E83F0050A31D /* NewsCellModel.swift in Sources */,
				D3A356622995190F0050A31D /* NewsService.swift in Sources */,
				D3A356572994D4FD0050A31D /* NewsListView.swift in Sources */,
				D3A3565D2994E9480050A31D /* TableCellModelProtocol.swift in Sources */,
				D3A3563A2993AD9F0050A31D /* SceneDelegate.swift in Sources */,
			);
			runOnlyForDeploymentPostprocessing = 0;
		};
/* End PBXSourcesBuildPhase section */

/* Begin PBXVariantGroup section */
		D3A356422993ADA70050A31D /* LaunchScreen.storyboard */ = {
			isa = PBXVariantGroup;
			children = (
				D3A356432993ADA70050A31D /* Base */,
			);
			name = LaunchScreen.storyboard;
			sourceTree = "<group>";
		};
/* End PBXVariantGroup section */

/* Begin XCBuildConfiguration section */
		D3A356462993ADA70050A31D /* Debug */ = {
			isa = XCBuildConfiguration;
			buildSettings = {
				ALWAYS_SEARCH_USER_PATHS = NO;
				CLANG_ANALYZER_NONNULL = YES;
				CLANG_ANALYZER_NUMBER_OBJECT_CONVERSION = YES_AGGRESSIVE;
				CLANG_CXX_LANGUAGE_STANDARD = "gnu++17";
				CLANG_ENABLE_MODULES = YES;
				CLANG_ENABLE_OBJC_ARC = YES;
				CLANG_ENABLE_OBJC_WEAK = YES;
				CLANG_WARN_BLOCK_CAPTURE_AUTORELEASING = YES;
				CLANG_WARN_BOOL_CONVERSION = YES;
				CLANG_WARN_COMMA = YES;
				CLANG_WARN_CONSTANT_CONVERSION = YES;
				CLANG_WARN_DEPRECATED_OBJC_IMPLEMENTATIONS = YES;
				CLANG_WARN_DIRECT_OBJC_ISA_USAGE = YES_ERROR;
				CLANG_WARN_DOCUMENTATION_COMMENTS = YES;
				CLANG_WARN_EMPTY_BODY = YES;
				CLANG_WARN_ENUM_CONVERSION = YES;
				CLANG_WARN_INFINITE_RECURSION = YES;
				CLANG_WARN_INT_CONVERSION = YES;
				CLANG_WARN_NON_LITERAL_NULL_CONVERSION = YES;
				CLANG_WARN_OBJC_IMPLICIT_RETAIN_SELF = YES;
				CLANG_WARN_OBJC_LITERAL_CONVERSION = YES;
				CLANG_WARN_OBJC_ROOT_CLASS = YES_ERROR;
				CLANG_WARN_QUOTED_INCLUDE_IN_FRAMEWORK_HEADER = YES;
				CLANG_WARN_RANGE_LOOP_ANALYSIS = YES;
				CLANG_WARN_STRICT_PROTOTYPES = YES;
				CLANG_WARN_SUSPICIOUS_MOVE = YES;
				CLANG_WARN_UNGUARDED_AVAILABILITY = YES_AGGRESSIVE;
				CLANG_WARN_UNREACHABLE_CODE = YES;
				CLANG_WARN__DUPLICATE_METHOD_MATCH = YES;
				COPY_PHASE_STRIP = NO;
				DEBUG_INFORMATION_FORMAT = dwarf;
				ENABLE_STRICT_OBJC_MSGSEND = YES;
				ENABLE_TESTABILITY = YES;
				GCC_C_LANGUAGE_STANDARD = gnu11;
				GCC_DYNAMIC_NO_PIC = NO;
				GCC_NO_COMMON_BLOCKS = YES;
				GCC_OPTIMIZATION_LEVEL = 0;
				GCC_PREPROCESSOR_DEFINITIONS = (
					"DEBUG=1",
					"$(inherited)",
				);
				GCC_WARN_64_TO_32_BIT_CONVERSION = YES;
				GCC_WARN_ABOUT_RETURN_TYPE = YES_ERROR;
				GCC_WARN_UNDECLARED_SELECTOR = YES;
				GCC_WARN_UNINITIALIZED_AUTOS = YES_AGGRESSIVE;
				GCC_WARN_UNUSED_FUNCTION = YES;
				GCC_WARN_UNUSED_VARIABLE = YES;
				IPHONEOS_DEPLOYMENT_TARGET = 15.4;
				MTL_ENABLE_DEBUG_INFO = INCLUDE_SOURCE;
				MTL_FAST_MATH = YES;
				ONLY_ACTIVE_ARCH = YES;
				SDKROOT = iphoneos;
				SWIFT_ACTIVE_COMPILATION_CONDITIONS = DEBUG;
				SWIFT_OPTIMIZATION_LEVEL = "-Onone";
			};
			name = Debug;
		};
		D3A356472993ADA70050A31D /* Release */ = {
			isa = XCBuildConfiguration;
			buildSettings = {
				ALWAYS_SEARCH_USER_PATHS = NO;
				CLANG_ANALYZER_NONNULL = YES;
				CLANG_ANALYZER_NUMBER_OBJECT_CONVERSION = YES_AGGRESSIVE;
				CLANG_CXX_LANGUAGE_STANDARD = "gnu++17";
				CLANG_ENABLE_MODULES = YES;
				CLANG_ENABLE_OBJC_ARC = YES;
				CLANG_ENABLE_OBJC_WEAK = YES;
				CLANG_WARN_BLOCK_CAPTURE_AUTORELEASING = YES;
				CLANG_WARN_BOOL_CONVERSION = YES;
				CLANG_WARN_COMMA = YES;
				CLANG_WARN_CONSTANT_CONVERSION = YES;
				CLANG_WARN_DEPRECATED_OBJC_IMPLEMENTATIONS = YES;
				CLANG_WARN_DIRECT_OBJC_ISA_USAGE = YES_ERROR;
				CLANG_WARN_DOCUMENTATION_COMMENTS = YES;
				CLANG_WARN_EMPTY_BODY = YES;
				CLANG_WARN_ENUM_CONVERSION = YES;
				CLANG_WARN_INFINITE_RECURSION = YES;
				CLANG_WARN_INT_CONVERSION = YES;
				CLANG_WARN_NON_LITERAL_NULL_CONVERSION = YES;
				CLANG_WARN_OBJC_IMPLICIT_RETAIN_SELF = YES;
				CLANG_WARN_OBJC_LITERAL_CONVERSION = YES;
				CLANG_WARN_OBJC_ROOT_CLASS = YES_ERROR;
				CLANG_WARN_QUOTED_INCLUDE_IN_FRAMEWORK_HEADER = YES;
				CLANG_WARN_RANGE_LOOP_ANALYSIS = YES;
				CLANG_WARN_STRICT_PROTOTYPES = YES;
				CLANG_WARN_SUSPICIOUS_MOVE = YES;
				CLANG_WARN_UNGUARDED_AVAILABILITY = YES_AGGRESSIVE;
				CLANG_WARN_UNREACHABLE_CODE = YES;
				CLANG_WARN__DUPLICATE_METHOD_MATCH = YES;
				COPY_PHASE_STRIP = NO;
				DEBUG_INFORMATION_FORMAT = "dwarf-with-dsym";
				ENABLE_NS_ASSERTIONS = NO;
				ENABLE_STRICT_OBJC_MSGSEND = YES;
				GCC_C_LANGUAGE_STANDARD = gnu11;
				GCC_NO_COMMON_BLOCKS = YES;
				GCC_WARN_64_TO_32_BIT_CONVERSION = YES;
				GCC_WARN_ABOUT_RETURN_TYPE = YES_ERROR;
				GCC_WARN_UNDECLARED_SELECTOR = YES;
				GCC_WARN_UNINITIALIZED_AUTOS = YES_AGGRESSIVE;
				GCC_WARN_UNUSED_FUNCTION = YES;
				GCC_WARN_UNUSED_VARIABLE = YES;
				IPHONEOS_DEPLOYMENT_TARGET = 15.4;
				MTL_ENABLE_DEBUG_INFO = NO;
				MTL_FAST_MATH = YES;
				SDKROOT = iphoneos;
				SWIFT_COMPILATION_MODE = wholemodule;
				SWIFT_OPTIMIZATION_LEVEL = "-O";
				VALIDATE_PRODUCT = YES;
			};
			name = Release;
		};
		D3A356492993ADA70050A31D /* Debug */ = {
			isa = XCBuildConfiguration;
			baseConfigurationReference = D83C1AF4A8266E45F1177D30 /* Pods-RxNewsApp.debug.xcconfig */;
			buildSettings = {
				ASSETCATALOG_COMPILER_APPICON_NAME = AppIcon;
				ASSETCATALOG_COMPILER_GLOBAL_ACCENT_COLOR_NAME = AccentColor;
				CODE_SIGN_STYLE = Automatic;
				CURRENT_PROJECT_VERSION = 1;
				GENERATE_INFOPLIST_FILE = YES;
				INFOPLIST_FILE = RxNewsApp/Info.plist;
				INFOPLIST_KEY_UIApplicationSupportsIndirectInputEvents = YES;
				INFOPLIST_KEY_UILaunchStoryboardName = LaunchScreen;
				INFOPLIST_KEY_UISupportedInterfaceOrientations = UIInterfaceOrientationPortrait;
				INFOPLIST_KEY_UISupportedInterfaceOrientations_iPad = "UIInterfaceOrientationPortrait UIInterfaceOrientationPortraitUpsideDown UIInterfaceOrientationLandscapeLeft UIInterfaceOrientationLandscapeRight";
				INFOPLIST_KEY_UISupportedInterfaceOrientations_iPhone = "UIInterfaceOrientationPortrait UIInterfaceOrientationLandscapeLeft UIInterfaceOrientationLandscapeRight";
				LD_RUNPATH_SEARCH_PATHS = (
					"$(inherited)",
					"@executable_path/Frameworks",
				);
				MARKETING_VERSION = 1.0;
				PRODUCT_BUNDLE_IDENTIFIER = com.shibaevaSvetlana.RxNewsApp;
				PRODUCT_NAME = "$(TARGET_NAME)";
				SWIFT_EMIT_LOC_STRINGS = YES;
				SWIFT_VERSION = 5.0;
				TARGETED_DEVICE_FAMILY = "1,2";
			};
			name = Debug;
		};
		D3A3564A2993ADA70050A31D /* Release */ = {
			isa = XCBuildConfiguration;
			baseConfigurationReference = 8E14D8940E4EDD10404192B8 /* Pods-RxNewsApp.release.xcconfig */;
			buildSettings = {
				ASSETCATALOG_COMPILER_APPICON_NAME = AppIcon;
				ASSETCATALOG_COMPILER_GLOBAL_ACCENT_COLOR_NAME = AccentColor;
				CODE_SIGN_STYLE = Automatic;
				CURRENT_PROJECT_VERSION = 1;
				GENERATE_INFOPLIST_FILE = YES;
				INFOPLIST_FILE = RxNewsApp/Info.plist;
				INFOPLIST_KEY_UIApplicationSupportsIndirectInputEvents = YES;
				INFOPLIST_KEY_UILaunchStoryboardName = LaunchScreen;
				INFOPLIST_KEY_UISupportedInterfaceOrientations = UIInterfaceOrientationPortrait;
				INFOPLIST_KEY_UISupportedInterfaceOrientations_iPad = "UIInterfaceOrientationPortrait UIInterfaceOrientationPortraitUpsideDown UIInterfaceOrientationLandscapeLeft UIInterfaceOrientationLandscapeRight";
				INFOPLIST_KEY_UISupportedInterfaceOrientations_iPhone = "UIInterfaceOrientationPortrait UIInterfaceOrientationLandscapeLeft UIInterfaceOrientationLandscapeRight";
				LD_RUNPATH_SEARCH_PATHS = (
					"$(inherited)",
					"@executable_path/Frameworks",
				);
				MARKETING_VERSION = 1.0;
				PRODUCT_BUNDLE_IDENTIFIER = com.shibaevaSvetlana.RxNewsApp;
				PRODUCT_NAME = "$(TARGET_NAME)";
				SWIFT_EMIT_LOC_STRINGS = YES;
				SWIFT_VERSION = 5.0;
				TARGETED_DEVICE_FAMILY = "1,2";
			};
			name = Release;
		};
/* End XCBuildConfiguration section */

/* Begin XCConfigurationList section */
		D3A3562F2993AD9E0050A31D /* Build configuration list for PBXProject "RxNewsApp" */ = {
			isa = XCConfigurationList;
			buildConfigurations = (
				D3A356462993ADA70050A31D /* Debug */,
				D3A356472993ADA70050A31D /* Release */,
			);
			defaultConfigurationIsVisible = 0;
			defaultConfigurationName = Release;
		};
		D3A356482993ADA70050A31D /* Build configuration list for PBXNativeTarget "RxNewsApp" */ = {
			isa = XCConfigurationList;
			buildConfigurations = (
				D3A356492993ADA70050A31D /* Debug */,
				D3A3564A2993ADA70050A31D /* Release */,
			);
			defaultConfigurationIsVisible = 0;
			defaultConfigurationName = Release;
		};
/* End XCConfigurationList section */
	};
	rootObject = D3A3562C2993AD9E0050A31D /* Project object */;
}
